
Microsoft Visual Studio Solution File, Format Version 12.00
# Visual Studio Version 17
VisualStudioVersion = 17.0.32112.339
MinimumVisualStudioVersion = 10.0.40219.1
Project("{FAE04EC0-301F-11D3-BF4B-00C04F79EFBC}") = "MoooreSlugcatsRemix", "MoooreSlugcatsRemix\MoooreSlugcatsRemix.csproj", "{5DCE9850-6F15-4921-A34D-384537836280}"
EndProject
Global
	GlobalSection(SolutionConfigurationPlatforms) = preSolution
		Debug|Any CPU = Debug|Any CPU
		Release|Any CPU = Release|Any CPU
	EndGlobalSection
	GlobalSection(ProjectConfigurationPlatforms) = postSolution
		{5DCE9850-6F15-4921-A34D-384537836280}.Debug|Any CPU.ActiveCfg = Debug|Any CPU
		{5DCE9850-6F15-4921-A34D-384537836280}.Debug|Any CPU.Build.0 = Debug|Any CPU
		{5DCE9850-6F15-4921-A34D-384537836280}.Release|Any CPU.ActiveCfg = Release|Any CPU
		{5DCE9850-6F15-4921-A34D-384537836280}.Release|Any CPU.Build.0 = Release|Any CPU
	EndGlobalSection
	GlobalSection(SolutionProperties) = preSolution
		HideSolutionNode = FALSE
	EndGlobalSection
	GlobalSection(ExtensibilityGlobals) = postSolution
		SolutionGuid = {4C1636A3-8F62-4380-83B5-2EB756619923}
	EndGlobalSection
EndGlobal
